{
  "nodes": {
    "local-pkgs": {
      "flake": false,
      "locked": {
        "lastModified": 1777101635,
        "narHash": "sha256-O+o81IGk3S59S++Yo+sScuXeht7/dmR+/ZMFJyyZWDM=",
        "path": "/home/bor/Projects/nix/pkgs",
        "type": "path"
      },
      "original": {
        "path": "/home/bor/Projects/nix/pkgs",
        "type": "path"
      }
    },
    "nixpkgs": {
      "locked": {
        "lastModified": 1776877367,
        "narHash": "sha256-EHq1/OX139R1RvBzOJ0aMRT3xnWyqtHBRUBuO1gFzjI=",
        "owner": "NixOS",
        "repo": "nixpkgs",
        "rev": "0726a0ecb6d4e08f6adced58726b95db924cef57",
        "type": "github"
      },
      "original": {
        "owner": "NixOS",
        "ref": "nixos-unstable",
        "repo": "nixpkgs",
        "type": "github"
      }
    },
    "root": {
      "inputs": {
        "local-pkgs": "local-pkgs",
        "nixpkgs": "nixpkgs"
      }
    }
  },
  "root": "root",
  "version": 7
}
