{
  "nodes": {
    "aozorabunko-src": {
      "flake": false,
      "locked": {
        "lastModified": 1777068010,
        "narHash": "sha256-g46OHD5oLs2iVkO+DjsD0dtD0sWp3YzJMKc94JoPLvM=",
        "owner": "aozorabunko",
        "repo": "aozorabunko",
        "rev": "0e9ea3e586eb0aa34039fabfc85a407d2f98b165",
        "type": "github"
      },
      "original": {
        "owner": "aozorabunko",
        "repo": "aozorabunko",
        "rev": "0e9ea3e586eb0aa34039fabfc85a407d2f98b165",
        "type": "github"
      }
    },
    "flake-utils": {
      "inputs": {
        "systems": "systems"
      },
      "locked": {
        "lastModified": 1731533236,
        "narHash": "sha256-l0KFg5HjrsfsO/JpG+r7fRrqm12kzFHyUHqHCVpMMbI=",
        "owner": "numtide",
        "repo": "flake-utils",
        "rev": "11707dc2f618dd54ca8739b309ec4fc024de578b",
        "type": "github"
      },
      "original": {
        "owner": "numtide",
        "repo": "flake-utils",
        "type": "github"
      }
    },
    "mecab-dic-converter-src": {
      "flake": false,
      "locked": {
        "lastModified": 1777975318,
        "narHash": "sha256-L02lXaS/ULm+zpKMm3Fji2vpdKiAvl4dWJL6O4Fcgcg=",
        "owner": "tomokane",
        "repo": "mecab-dic-converter",
        "rev": "d24dcf25ce47170ca9e661c003b5d3345e98dac9",
        "type": "github"
      },
      "original": {
        "owner": "tomokane",
        "repo": "mecab-dic-converter",
        "rev": "d24dcf25ce47170ca9e661c003b5d3345e98dac9",
        "type": "github"
      }
    },
    "nixpkgs": {
      "locked": {
        "lastModified": 1782723713,
        "narHash": "sha256-oPXCU/SSUokcGaJREHibG1CBX3+s/W7orDWQOZDsEeQ=",
        "owner": "NixOS",
        "repo": "nixpkgs",
        "rev": "b5aa0fbd538984f6e3d201be0005b4463d8b09f8",
        "type": "github"
      },
      "original": {
        "owner": "NixOS",
        "ref": "nixos-unstable",
        "repo": "nixpkgs",
        "type": "github"
      }
    },
    "reference-aozora-epub3-src": {
      "flake": false,
      "locked": {
        "lastModified": 1779867396,
        "narHash": "sha256-H8Vyrv3QWM9vpb2hTIYlRwb2stapKuLON6UzyjBWUfE=",
        "owner": "AozoraEpub3-JDK21",
        "repo": "AozoraEpub3-JDK21",
        "rev": "966a127a613b864d998e3448cdaa5f66a0519c1b",
        "type": "github"
      },
      "original": {
        "owner": "AozoraEpub3-JDK21",
        "repo": "AozoraEpub3-JDK21",
        "type": "github"
      }
    },
    "reference-aozora-parser-js-src": {
      "flake": false,
      "locked": {
        "lastModified": 1550938107,
        "narHash": "sha256-561YlmRQon4yC9RMQgVet3DudLk01UuOrSTIc7JCfZo=",
        "owner": "cognitom",
        "repo": "aozora-parser.js",
        "rev": "abaf45422051f418905d9d269f1d2db28ebeed05",
        "type": "github"
      },
      "original": {
        "owner": "cognitom",
        "repo": "aozora-parser.js",
        "type": "github"
      }
    },
    "reference-aozora-rs-src": {
      "flake": false,
      "locked": {
        "lastModified": 1778117994,
        "narHash": "sha256-bBPtWKURMmyCeym8dsvfzvwAlY5096uK6xZL2w7XwYs=",
        "owner": "kinoko0518",
        "repo": "aozora-rs",
        "rev": "2b2b8f641aee9fd92ed282f03ab060c18542700c",
        "type": "github"
      },
      "original": {
        "owner": "kinoko0518",
        "repo": "aozora-rs",
        "type": "github"
      }
    },
    "reference-aozora2-src": {
      "flake": false,
      "locked": {
        "lastModified": 1767543435,
        "narHash": "sha256-nrtxilPBk6Xu+XWMih4NhKvKwiq9damCIS8zIUalDkI=",
        "owner": "takahashim",
        "repo": "aozora2",
        "rev": "93420b53c7d52579a0ca3fde466cef8ce6d89879",
        "type": "github"
      },
      "original": {
        "owner": "takahashim",
        "repo": "aozora2",
        "type": "github"
      }
    },
    "reference-aozorabunko-extractor-src": {
      "flake": false,
      "locked": {
        "lastModified": 1698412426,
        "narHash": "sha256-DqNVhnY9IlTbFLCtPBx9AvwBNM8+u4s2v7JcXYVf7cw=",
        "owner": "globis-org",
        "repo": "aozorabunko-extractor",
        "rev": "ce439c2b43a4ec0312d12bb89d49e8b186ff0c27",
        "type": "github"
      },
      "original": {
        "owner": "globis-org",
        "repo": "aozorabunko-extractor",
        "type": "github"
      }
    },
    "root": {
      "inputs": {
        "aozorabunko-src": "aozorabunko-src",
        "flake-utils": "flake-utils",
        "mecab-dic-converter-src": "mecab-dic-converter-src",
        "nixpkgs": "nixpkgs",
        "reference-aozora-epub3-src": "reference-aozora-epub3-src",
        "reference-aozora-parser-js-src": "reference-aozora-parser-js-src",
        "reference-aozora-rs-src": "reference-aozora-rs-src",
        "reference-aozora2-src": "reference-aozora2-src",
        "reference-aozorabunko-extractor-src": "reference-aozorabunko-extractor-src",
        "rust-overlay": "rust-overlay"
      }
    },
    "rust-overlay": {
      "inputs": {
        "nixpkgs": [
          "nixpkgs"
        ]
      },
      "locked": {
        "lastModified": 1782962170,
        "narHash": "sha256-HsaK9yDDypMB2TPxAYz0mPKtmYhgNwFQa72b3Ko6kRE=",
        "owner": "oxalica",
        "repo": "rust-overlay",
        "rev": "e3fa5cf86b93914b8f312b2a1ca14fbb139c655c",
        "type": "github"
      },
      "original": {
        "owner": "oxalica",
        "repo": "rust-overlay",
        "type": "github"
      }
    },
    "systems": {
      "locked": {
        "lastModified": 1681028828,
        "narHash": "sha256-Vy1rq5AaRuLzOxct8nz4T6wlgyUR7zLU309k9mBC768=",
        "owner": "nix-systems",
        "repo": "default",
        "rev": "da67096a3b9bf56a91d16901293e51ba5b49a27e",
        "type": "github"
      },
      "original": {
        "owner": "nix-systems",
        "repo": "default",
        "type": "github"
      }
    }
  },
  "root": "root",
  "version": 7
}
