{
  "nodes": {
    "flake-utils": {
      "inputs": {
        "systems": "systems"
      },
      "locked": {
        "lastModified": 1731533236,
        "narHash": "sha256-l0KFg5HjrsfsO/JpG+r7fRrqm12kzFHyUHqHCVpMMbI=",
        "owner": "numtide",
        "repo": "flake-utils",
        "rev": "11707dc2f618dd54ca8739b309ec4fc024de578b",
        "type": "github"
      },
      "original": {
        "owner": "numtide",
        "repo": "flake-utils",
        "type": "github"
      }
    },
    "nixpkgs": {
      "locked": {
        "lastModified": 1776877367,
        "narHash": "sha256-EHq1/OX139R1RvBzOJ0aMRT3xnWyqtHBRUBuO1gFzjI=",
        "owner": "NixOS",
        "repo": "nixpkgs",
        "rev": "0726a0ecb6d4e08f6adced58726b95db924cef57",
        "type": "github"
      },
      "original": {
        "owner": "NixOS",
        "ref": "nixos-unstable",
        "repo": "nixpkgs",
        "type": "github"
      }
    },
    "reference-aozora-epub3-src": {
      "flake": false,
      "locked": {
        "lastModified": 1775736901,
        "narHash": "sha256-ryyPWi2HauBEZsb4Xf9dSf94HXNlXM0eGGLaJfSqduw=",
        "owner": "AozoraEpub3-JDK21",
        "repo": "AozoraEpub3-JDK21",
        "rev": "e7ceb5de468b20496c99e32a8f910a6e3e3633f3",
        "type": "github"
      },
      "original": {
        "owner": "AozoraEpub3-JDK21",
        "repo": "AozoraEpub3-JDK21",
        "type": "github"
      }
    },
    "reference-aozora-parser-js-src": {
      "flake": false,
      "locked": {
        "lastModified": 1550938107,
        "narHash": "sha256-561YlmRQon4yC9RMQgVet3DudLk01UuOrSTIc7JCfZo=",
        "owner": "cognitom",
        "repo": "aozora-parser.js",
        "rev": "abaf45422051f418905d9d269f1d2db28ebeed05",
        "type": "github"
      },
      "original": {
        "owner": "cognitom",
        "repo": "aozora-parser.js",
        "type": "github"
      }
    },
    "reference-aozora-rs-src": {
      "flake": false,
      "locked": {
        "lastModified": 1777023488,
        "narHash": "sha256-AFAo3WrgPT85GilAZR7brdsrJCJJyKpyQmJFVpt0ABE=",
        "owner": "kinoko0518",
        "repo": "aozora-rs",
        "rev": "bb5a787e328cf578df1a993c183235731b306110",
        "type": "github"
      },
      "original": {
        "owner": "kinoko0518",
        "repo": "aozora-rs",
        "type": "github"
      }
    },
    "reference-aozora2-src": {
      "flake": false,
      "locked": {
        "lastModified": 1767543435,
        "narHash": "sha256-nrtxilPBk6Xu+XWMih4NhKvKwiq9damCIS8zIUalDkI=",
        "owner": "takahashim",
        "repo": "aozora2",
        "rev": "93420b53c7d52579a0ca3fde466cef8ce6d89879",
        "type": "github"
      },
      "original": {
        "owner": "takahashim",
        "repo": "aozora2",
        "type": "github"
      }
    },
    "reference-aozorabunko-extractor-src": {
      "flake": false,
      "locked": {
        "lastModified": 1698412426,
        "narHash": "sha256-DqNVhnY9IlTbFLCtPBx9AvwBNM8+u4s2v7JcXYVf7cw=",
        "owner": "globis-org",
        "repo": "aozorabunko-extractor",
        "rev": "ce439c2b43a4ec0312d12bb89d49e8b186ff0c27",
        "type": "github"
      },
      "original": {
        "owner": "globis-org",
        "repo": "aozorabunko-extractor",
        "type": "github"
      }
    },
    "root": {
      "inputs": {
        "flake-utils": "flake-utils",
        "nixpkgs": "nixpkgs",
        "reference-aozora-epub3-src": "reference-aozora-epub3-src",
        "reference-aozora-parser-js-src": "reference-aozora-parser-js-src",
        "reference-aozora-rs-src": "reference-aozora-rs-src",
        "reference-aozora2-src": "reference-aozora2-src",
        "reference-aozorabunko-extractor-src": "reference-aozorabunko-extractor-src",
        "rust-overlay": "rust-overlay",
        "vibrato-unidic-cwj-zst": "vibrato-unidic-cwj-zst"
      }
    },
    "rust-overlay": {
      "inputs": {
        "nixpkgs": [
          "nixpkgs"
        ]
      },
      "locked": {
        "lastModified": 1777086717,
        "narHash": "sha256-vEl3cGHRxEFdVNuP9PbrhAWnmU98aPOLGy9/1JXzSuM=",
        "owner": "oxalica",
        "repo": "rust-overlay",
        "rev": "3be56bd430bfd65d3c468a50626c3a601c7dee03",
        "type": "github"
      },
      "original": {
        "owner": "oxalica",
        "repo": "rust-overlay",
        "type": "github"
      }
    },
    "systems": {
      "locked": {
        "lastModified": 1681028828,
        "narHash": "sha256-Vy1rq5AaRuLzOxct8nz4T6wlgyUR7zLU309k9mBC768=",
        "owner": "nix-systems",
        "repo": "default",
        "rev": "da67096a3b9bf56a91d16901293e51ba5b49a27e",
        "type": "github"
      },
      "original": {
        "owner": "nix-systems",
        "repo": "default",
        "type": "github"
      }
    },
    "vibrato-unidic-cwj-zst": {
      "flake": false,
      "locked": {
        "lastModified": 1767430852,
        "narHash": "sha256-CEdwhCEbctmPhbVZDGS5qjZ9QosNKTkdsSGGRBtzN/8=",
        "path": "/home/bor/Projects/vibrato-pipe/dictionary/optimized/unidic-cwj-202512.dic.zst",
        "type": "path"
      },
      "original": {
        "path": "/home/bor/Projects/vibrato-pipe/dictionary/optimized/unidic-cwj-202512.dic.zst",
        "type": "path"
      }
    }
  },
  "root": "root",
  "version": 7
}
